
Microsoft Visual Studio Solution File, Format Version 12.00
# Visual Studio 14
VisualStudioVersion = 14.0.25420.1
MinimumVisualStudioVersion = 10.0.40219.1
Project("{8BC9CEB8-8B4A-11D0-8D11-00A0C91BC942}") = "FractalCore", "Fractal\Fractal.vcxproj", "{19ADACEA-0314-48D5-B986-E56129C95755}"
	ProjectSection(ProjectDependencies) = postProject
		{D9D15335-0205-42FB-A712-16340CC2673B} = {D9D15335-0205-42FB-A712-16340CC2673B}
	EndProjectSection
EndProject
Project("{8BC9CEB8-8B4A-11D0-8D11-00A0C91BC942}") = "FractalMath", "FractalMath\FractalMath.vcxproj", "{D9D15335-0205-42FB-A712-16340CC2673B}"
EndProject
Project("{8BC9CEB8-8B4A-11D0-8D11-00A0C91BC942}") = "FractalGame", "FractalGame\FractalGame.vcxproj", "{72CC52B3-D52F-4935-A142-DD315BAD9F46}"
EndProject
Project("{8BC9CEB8-8B4A-11D0-8D11-00A0C91BC942}") = "FractalEvent", "FractalEvent\FractalEvent.vcxproj", "{F1AC58A1-DC5C-4A93-998A-64F085C26F4A}"
EndProject
Project("{8BC9CEB8-8B4A-11D0-8D11-00A0C91BC942}") = "FractalPhysics", "FractalPhysics\FractalPhysics.vcxproj", "{C25A56D4-0FB7-4F5F-BF97-E6D7C925E9EE}"
EndProject
Project("{8BC9CEB8-8B4A-11D0-8D11-00A0C91BC942}") = "FractalMathTest", "FractalMathTest\FractalMathTest.vcxproj", "{4A0835C1-19C6-44F5-B6B7-A2CFD4A87FA7}"
	ProjectSection(ProjectDependencies) = postProject
		{D9D15335-0205-42FB-A712-16340CC2673B} = {D9D15335-0205-42FB-A712-16340CC2673B}
	EndProjectSection
EndProject
Global
	GlobalSection(SolutionConfigurationPlatforms) = preSolution
		Debug|x64 = Debug|x64
		Debug|x86 = Debug|x86
		Release|x64 = Release|x64
		Release|x86 = Release|x86
	EndGlobalSection
	GlobalSection(ProjectConfigurationPlatforms) = postSolution
		{19ADACEA-0314-48D5-B986-E56129C95755}.Debug|x64.ActiveCfg = Debug|x64
		{19ADACEA-0314-48D5-B986-E56129C95755}.Debug|x64.Build.0 = Debug|x64
		{19ADACEA-0314-48D5-B986-E56129C95755}.Debug|x86.ActiveCfg = Debug|Win32
		{19ADACEA-0314-48D5-B986-E56129C95755}.Debug|x86.Build.0 = Debug|Win32
		{19ADACEA-0314-48D5-B986-E56129C95755}.Release|x64.ActiveCfg = Release|x64
		{19ADACEA-0314-48D5-B986-E56129C95755}.Release|x64.Build.0 = Release|x64
		{19ADACEA-0314-48D5-B986-E56129C95755}.Release|x86.ActiveCfg = Release|Win32
		{19ADACEA-0314-48D5-B986-E56129C95755}.Release|x86.Build.0 = Release|Win32
		{D9D15335-0205-42FB-A712-16340CC2673B}.Debug|x64.ActiveCfg = Debug|x64
		{D9D15335-0205-42FB-A712-16340CC2673B}.Debug|x64.Build.0 = Debug|x64
		{D9D15335-0205-42FB-A712-16340CC2673B}.Debug|x86.ActiveCfg = Debug|Win32
		{D9D15335-0205-42FB-A712-16340CC2673B}.Debug|x86.Build.0 = Debug|Win32
		{D9D15335-0205-42FB-A712-16340CC2673B}.Release|x64.ActiveCfg = Release|x64
		{D9D15335-0205-42FB-A712-16340CC2673B}.Release|x64.Build.0 = Release|x64
		{D9D15335-0205-42FB-A712-16340CC2673B}.Release|x86.ActiveCfg = Release|Win32
		{D9D15335-0205-42FB-A712-16340CC2673B}.Release|x86.Build.0 = Release|Win32
		{72CC52B3-D52F-4935-A142-DD315BAD9F46}.Debug|x64.ActiveCfg = Debug|x64
		{72CC52B3-D52F-4935-A142-DD315BAD9F46}.Debug|x64.Build.0 = Debug|x64
		{72CC52B3-D52F-4935-A142-DD315BAD9F46}.Debug|x86.ActiveCfg = Debug|Win32
		{72CC52B3-D52F-4935-A142-DD315BAD9F46}.Debug|x86.Build.0 = Debug|Win32
		{72CC52B3-D52F-4935-A142-DD315BAD9F46}.Release|x64.ActiveCfg = Release|x64
		{72CC52B3-D52F-4935-A142-DD315BAD9F46}.Release|x64.Build.0 = Release|x64
		{72CC52B3-D52F-4935-A142-DD315BAD9F46}.Release|x86.ActiveCfg = Release|Win32
		{72CC52B3-D52F-4935-A142-DD315BAD9F46}.Release|x86.Build.0 = Release|Win32
		{F1AC58A1-DC5C-4A93-998A-64F085C26F4A}.Debug|x64.ActiveCfg = Debug|x64
		{F1AC58A1-DC5C-4A93-998A-64F085C26F4A}.Debug|x64.Build.0 = Debug|x64
		{F1AC58A1-DC5C-4A93-998A-64F085C26F4A}.Debug|x86.ActiveCfg = Debug|Win32
		{F1AC58A1-DC5C-4A93-998A-64F085C26F4A}.Debug|x86.Build.0 = Debug|Win32
		{F1AC58A1-DC5C-4A93-998A-64F085C26F4A}.Release|x64.ActiveCfg = Release|x64
		{F1AC58A1-DC5C-4A93-998A-64F085C26F4A}.Release|x64.Build.0 = Release|x64
		{F1AC58A1-DC5C-4A93-998A-64F085C26F4A}.Release|x86.ActiveCfg = Release|Win32
		{F1AC58A1-DC5C-4A93-998A-64F085C26F4A}.Release|x86.Build.0 = Release|Win32
		{C25A56D4-0FB7-4F5F-BF97-E6D7C925E9EE}.Debug|x64.ActiveCfg = Debug|x64
		{C25A56D4-0FB7-4F5F-BF97-E6D7C925E9EE}.Debug|x64.Build.0 = Debug|x64
		{C25A56D4-0FB7-4F5F-BF97-E6D7C925E9EE}.Debug|x86.ActiveCfg = Debug|Win32
		{C25A56D4-0FB7-4F5F-BF97-E6D7C925E9EE}.Debug|x86.Build.0 = Debug|Win32
		{C25A56D4-0FB7-4F5F-BF97-E6D7C925E9EE}.Release|x64.ActiveCfg = Release|x64
		{C25A56D4-0FB7-4F5F-BF97-E6D7C925E9EE}.Release|x64.Build.0 = Release|x64
		{C25A56D4-0FB7-4F5F-BF97-E6D7C925E9EE}.Release|x86.ActiveCfg = Release|Win32
		{C25A56D4-0FB7-4F5F-BF97-E6D7C925E9EE}.Release|x86.Build.0 = Release|Win32
		{4A0835C1-19C6-44F5-B6B7-A2CFD4A87FA7}.Debug|x64.ActiveCfg = Debug|x64
		{4A0835C1-19C6-44F5-B6B7-A2CFD4A87FA7}.Debug|x64.Build.0 = Debug|x64
		{4A0835C1-19C6-44F5-B6B7-A2CFD4A87FA7}.Debug|x86.ActiveCfg = Debug|Win32
		{4A0835C1-19C6-44F5-B6B7-A2CFD4A87FA7}.Debug|x86.Build.0 = Debug|Win32
		{4A0835C1-19C6-44F5-B6B7-A2CFD4A87FA7}.Release|x64.ActiveCfg = Release|x64
		{4A0835C1-19C6-44F5-B6B7-A2CFD4A87FA7}.Release|x64.Build.0 = Release|x64
		{4A0835C1-19C6-44F5-B6B7-A2CFD4A87FA7}.Release|x86.ActiveCfg = Release|Win32
		{4A0835C1-19C6-44F5-B6B7-A2CFD4A87FA7}.Release|x86.Build.0 = Release|Win32
	EndGlobalSection
	GlobalSection(SolutionProperties) = preSolution
		HideSolutionNode = FALSE
	EndGlobalSection
EndGlobal
