<?xml version="1.0" encoding="utf-8"?>
<Project ToolsVersion="4.0" xmlns="http://schemas.microsoft.com/developer/msbuild/2003">
  <ItemGroup>
    <ClCompile Include="src\core\game\AbstractGame.cpp" />
    <ClCompile Include="src\core\systems\Engine.cpp" />
    <ClCompile Include="src\core\systems\Graphics.cpp" />
    <ClCompile Include="src\core\systems\Input.cpp" />
    <ClCompile Include="src\core\systems\Logic.cpp" />
    <ClCompile Include="src\core\systems\manager\CameraManager.cpp" />
    <ClCompile Include="src\core\systems\manager\SystemFactory.cpp" />
    <ClCompile Include="src\core\systems\manager\SystemManager.cpp" />
    <ClCompile Include="src\core\systems\PhysicsWorld.cpp" />
    <ClCompile Include="src\core\systems\System.cpp" />
    <ClCompile Include="src\core\systems\Window.cpp" />
    <ClCompile Include="src\graphics\Mesh.cpp" />
    <ClCompile Include="src\helpers\Manager.cpp" />
    <ClCompile Include="src\helpers\Singleton.cpp" />
    <ClCompile Include="src\interfaces\IDrawable.cpp" />
    <ClCompile Include="src\scene\objects\CameraObject.cpp" />
    <ClCompile Include="src\scene\Component.cpp" />
    <ClCompile Include="src\scene\components\CameraComponent.cpp" />
    <ClCompile Include="src\scene\components\MeshComponent.cpp" />
    <ClCompile Include="src\scene\components\PhysicsBodyComponent.cpp" />
    <ClCompile Include="src\scene\components\PhysicsShapeComponent.cpp" />
    <ClCompile Include="src\scene\GameObject.cpp" />
    <ClCompile Include="src\scene\Object.cpp" />
    <ClCompile Include="src\scene\objects\FreeCamera.cpp" />
    <ClCompile Include="src\scene\Scene.cpp" />
    <ClCompile Include="src\scene\SceneManager.cpp" />
    <ClCompile Include="src\scene\SceneObject.cpp" />
    <ClCompile Include="src\scene\components\TransformComponent.cpp" />
    <ClCompile Include="src\utils\IOManager.cpp" />
    <ClCompile Include="src\scene\components\TerrainComponent.cpp" />
    <ClCompile Include="src\core\systems\Timer.cpp" />
    <ClCompile Include="src\scene\objects\TimerObject.cpp" />
    <ClCompile Include="src\utils\LoadOBJ.cpp" />
    <ClCompile Include="src\utils\LoadTexture.cpp" />
    <ClCompile Include="src\utils\TextureBuilder.cpp" />
    <ClCompile Include="src\utils\picoPNG.cpp" />
    <ClCompile Include="src\graphics\ShaderProgram.cpp" />
    <ClCompile Include="src\utils\ShaderUtils\UniformBool.cpp" />
    <ClCompile Include="src\utils\ShaderUtils\Uniform.cpp" />
    <ClCompile Include="src\utils\ShaderUtils\UniformFloat.cpp" />
    <ClCompile Include="src\utils\ShaderUtils\UniformMatrix.cpp" />
    <ClCompile Include="src\utils\ShaderUtils\UniformSampler.cpp" />
    <ClCompile Include="src\utils\ShaderUtils\UniformVector2.cpp" />
    <ClCompile Include="src\utils\ShaderUtils\UniformVector3.cpp" />
    <ClCompile Include="src\utils\ShaderUtils\UniformVector4.cpp" />
  </ItemGroup>
  <ItemGroup>
    <ClInclude Include="include\core\game\AbstractGame.h" />
    <ClInclude Include="include\core\systems\Engine.h" />
    <ClInclude Include="include\core\systems\Graphics.h" />
    <ClInclude Include="include\core\systems\Input.h" />
    <ClInclude Include="include\core\systems\Logic.h" />
    <ClInclude Include="include\core\systems\manager\CameraManager.h" />
    <ClInclude Include="include\core\systems\manager\SystemFactory.h" />
    <ClInclude Include="include\core\systems\manager\SystemManager.h" />
    <ClInclude Include="include\core\systems\PhysicsWorld.h" />
    <ClInclude Include="include\core\systems\System.h" />
    <ClInclude Include="include\core\systems\Window.h" />
    <ClInclude Include="include\defines\Colour.h" />
    <ClInclude Include="include\defines\deletemacros.h" />
    <ClInclude Include="include\defines\InputStateType.h" />
    <ClInclude Include="include\defines\SystemType.h" />
    <ClInclude Include="include\graphics\Mesh.h" />
    <ClInclude Include="include\graphics\Vertex.h" />
    <ClInclude Include="include\helpers\Manager.h" />
    <ClInclude Include="include\helpers\ObjectCounter.h" />
    <ClInclude Include="include\helpers\Singleton.h" />
    <ClInclude Include="include\interfaces\IDrawable.h" />
    <ClInclude Include="include\scene\objects\CameraObject.h" />
    <ClInclude Include="include\scene\Component.h" />
    <ClInclude Include="include\scene\components\CameraComponent.h" />
    <ClInclude Include="include\scene\components\MeshComponent.h" />
    <ClInclude Include="include\scene\components\PhysicsBodyComponent.h" />
    <ClInclude Include="include\scene\components\PhysicsShapeComponent.h" />
    <ClInclude Include="include\scene\GameObject.h" />
    <ClInclude Include="include\scene\Object.h" />
    <ClInclude Include="include\scene\objects\FreeCamera.h" />
    <ClInclude Include="include\scene\Scene.h" />
    <ClInclude Include="include\scene\SceneManager.h" />
    <ClInclude Include="include\scene\SceneObject.h" />
    <ClInclude Include="include\scene\components\TransformComponent.h" />
    <ClInclude Include="include\utils\IOManager.h" />
    <ClInclude Include="include\scene\components\TerrainComponent.h" />
    <ClInclude Include="include\core\systems\Timer.h" />
    <ClInclude Include="include\scene\objects\TimerObject.h" />
    <ClInclude Include="include\utils\LoadOBJ.h" />
    <ClInclude Include="include\graphics\MeshData.h" />
    <ClInclude Include="include\utils\LoadTexture.h" />
    <ClInclude Include="include\utils\TextureUtils.h" />
    <ClInclude Include="include\graphics\Texture.h" />
    <ClInclude Include="include\utils\TextureBuilder.h" />
    <ClInclude Include="include\utils\picoPNG.h" />
    <ClInclude Include="include\graphics\Skin.h" />
    <ClInclude Include="include\graphics\Materials.h" />
    <ClInclude Include="include\graphics\shaders\MeshShader.h" />
    <ClInclude Include="include\graphics\ShaderProgram.h" />
    <ClInclude Include="include\utils\ShaderUtils\UniformBool.h" />
    <ClInclude Include="include\utils\ShaderUtils\UniformFloat.h" />
    <ClInclude Include="include\utils\ShaderUtils\UniformMatrix.h" />
    <ClInclude Include="include\utils\ShaderUtils\UniformSampler.h" />
    <ClInclude Include="include\utils\ShaderUtils\UniformVector2.h" />
    <ClInclude Include="include\utils\ShaderUtils\UniformVector3.h" />
    <ClInclude Include="include\utils\ShaderUtils\UniformVector4.h" />
    <ClInclude Include="include\utils\ShaderUtils\Uniform.h" />
  </ItemGroup>
  <ItemGroup>
    <Image Include="res\images\awesome.png" />
    <Image Include="res\images\wooden.jpg" />
  </ItemGroup>
  <ItemGroup>
    <Text Include="todo.txt" />
  </ItemGroup>
</Project>